
Microsoft Visual Studio Solution File, Format Version 12.00
# Visual Studio Version 17
VisualStudioVersion = 17.9.34701.34
MinimumVisualStudioVersion = 10.0.40219.1
Project("{FAE04EC0-301F-11D3-BF4B-00C04F79EFBC}") = "BearApi", "BearApi\BearApi.csproj", "{5C454EE8-ACB6-4145-9028-8E234BAE7624}"
EndProject
Global
	GlobalSection(SolutionConfigurationPlatforms) = preSolution
		Debug|Any CPU = Debug|Any CPU
		Release|Any CPU = Release|Any CPU
	EndGlobalSection
	GlobalSection(ProjectConfigurationPlatforms) = postSolution
		{5C454EE8-ACB6-4145-9028-8E234BAE7624}.Debug|Any CPU.ActiveCfg = Debug|Any CPU
		{5C454EE8-ACB6-4145-9028-8E234BAE7624}.Debug|Any CPU.Build.0 = Debug|Any CPU
		{5C454EE8-ACB6-4145-9028-8E234BAE7624}.Release|Any CPU.ActiveCfg = Release|Any CPU
		{5C454EE8-ACB6-4145-9028-8E234BAE7624}.Release|Any CPU.Build.0 = Release|Any CPU
	EndGlobalSection
	GlobalSection(SolutionProperties) = preSolution
		HideSolutionNode = FALSE
	EndGlobalSection
	GlobalSection(ExtensibilityGlobals) = postSolution
		SolutionGuid = {D0ACAB13-4D25-4BDE-8F7E-21AB3C1D6B1C}
	EndGlobalSection
EndGlobal
